
Microsoft Visual Studio Solution File, Format Version 12.00
# Visual Studio 15
VisualStudioVersion = 15.0.28307.1022
MinimumVisualStudioVersion = 10.0.40219.1
Project("{FAE04EC0-301F-11D3-BF4B-00C04F79EFBC}") = "Final Exam", "Final Exam\Final Exam.csproj", "{ED730DDB-99B5-49D7-BB43-A0A9ABBA527B}"
EndProject
Global
	GlobalSection(SolutionConfigurationPlatforms) = preSolution
		Debug|Any CPU = Debug|Any CPU
		Release|Any CPU = Release|Any CPU
	EndGlobalSection
	GlobalSection(ProjectConfigurationPlatforms) = postSolution
		{ED730DDB-99B5-49D7-BB43-A0A9ABBA527B}.Debug|Any CPU.ActiveCfg = Debug|Any CPU
		{ED730DDB-99B5-49D7-BB43-A0A9ABBA527B}.Debug|Any CPU.Build.0 = Debug|Any CPU
		{ED730DDB-99B5-49D7-BB43-A0A9ABBA527B}.Release|Any CPU.ActiveCfg = Release|Any CPU
		{ED730DDB-99B5-49D7-BB43-A0A9ABBA527B}.Release|Any CPU.Build.0 = Release|Any CPU
	EndGlobalSection
	GlobalSection(SolutionProperties) = preSolution
		HideSolutionNode = FALSE
	EndGlobalSection
	GlobalSection(ExtensibilityGlobals) = postSolution
		SolutionGuid = {167D33F3-4FF9-4525-A62E-8DDF8A0D494B}
	EndGlobalSection
EndGlobal
